github.com/axiaoxin-com/dateparse v0.0.0-20200806124206-c3715f7a5cac h1:6et0IRNi9mhjYHW7nR2x/okWxtGlBhGYL9zrcYIaq/Y=
github.com/axiaoxin-com/dateparse v0.0.0-20200806124206-c3715f7a5cac/go.mod h1:DHRPloJ9S0s6521Rd6b7MBLcl5v1idQ7v7ky4x8mPNo=
github.com/axiaoxin-com/dfcpkg/dfc v0.0.0-20220927024913-39168527d4dd h1:+jOqPxUSknMukTBGDS5nBiPO79jwG2XkbyRY7daoZGk=
github.com/axiaoxin-com/dfcpkg/dfc v0.0.0-20220927024913-39168527d4dd/go.mod h1:eRYqaOkPGFGIEcUwH+KDvUO6MJei8cec3NfTwpD/U2U=
