github.com/axiaoxin/dateparse v0.0.0-20171117034806-ad2b19d7b298 h1:jI6KyuGJaudoLbdTlee1Np3XdGFS3awb4eBzj5ATMPU=
github.com/axiaoxin/dateparse v0.0.0-20171117034806-ad2b19d7b298/go.mod h1:zvn0F5yPlf0X5rAjRn7UMb2+TGJ+SyzrU4IO49lZdyM=
github.com/axiaoxin/dateparse v0.0.0-20200214144401-72ffea745e9d h1:IRDxsRvIRfg89vOZY5t0YS17sMhXrgsbypCYdZBjdZ0=
github.com/axiaoxin/dateparse v0.0.0-20200214144401-72ffea745e9d/go.mod h1:zvn0F5yPlf0X5rAjRn7UMb2+TGJ+SyzrU4IO49lZdyM=
github.com/axiaoxin/dateparse v0.0.0-20200214145536-6d473dab12a1 h1:cbe6+l+NAdQEcS+2Wc3nta0Z11bpDd+oYVJ6PRjaEKU=
github.com/axiaoxin/dateparse v0.0.0-20200214145536-6d473dab12a1/go.mod h1:zvn0F5yPlf0X5rAjRn7UMb2+TGJ+SyzrU4IO49lZdyM=
github.com/axiaoxin/dateparse v0.0.0-20200214150850-0557a30a7595 h1:p1PZ16ZP4hmTQIR7p85Cc/4t+TVi5etIrGGh1MBYJwY=
github.com/axiaoxin/dateparse v0.0.0-20200214150850-0557a30a7595/go.mod h1:zvn0F5yPlf0X5rAjRn7UMb2+TGJ+SyzrU4IO49lZdyM=
github.com/axiaoxin/dateparse v0.0.0-20200214152201-49d0dca1901c h1:YmLD2RPcuTxcYYMkEdPiyhbXRo88LlF1Ba1QWffC9ac=
github.com/axiaoxin/dateparse v0.0.0-20200214152201-49d0dca1901c/go.mod h1:zvn0F5yPlf0X5rAjRn7UMb2+TGJ+SyzrU4IO49lZdyM=
