github.com/axiaoxin-com/dateparse v0.0.0-20200806124206-c3715f7a5cac h1:6et0IRNi9mhjYHW7nR2x/okWxtGlBhGYL9zrcYIaq/Y=
github.com/axiaoxin-com/dateparse v0.0.0-20200806124206-c3715f7a5cac/go.mod h1:DHRPloJ9S0s6521Rd6b7MBLcl5v1idQ7v7ky4x8mPNo=
github.com/axiaoxin-com/dfcpkg v1.0.3-0.20220927023424-22d1ca360d8f h1:0wTtFH1vkKyrNpiUEecx06jzXkKseO0d8dpwr263nt8=
github.com/axiaoxin-com/dfcpkg v1.0.3-0.20220927023424-22d1ca360d8f/go.mod h1:a6PWABjaUWoGU73dr6eo3q9CJ86HQcSvZEmtNLk7aTs=
