github.com/axiaoxin-com/dateparse v0.0.0-20200215155905-8b6e91e3ad48 h1:0lmfT9xHvPZakyMGZ2Jp0qpmreGSfR3GRmvkYf3Bofs=
github.com/axiaoxin-com/dateparse v0.0.0-20200215155905-8b6e91e3ad48/go.mod h1:DHRPloJ9S0s6521Rd6b7MBLcl5v1idQ7v7ky4x8mPNo=
github.com/axiaoxin-com/dateparse v0.0.0-20200806080150-e04b10786162 h1:gPUQiAxKcxbO+g9rdkoNJwmONAMm9hUuzoFw8+xvZRg=
github.com/axiaoxin-com/dateparse v0.0.0-20200806080150-e04b10786162/go.mod h1:DHRPloJ9S0s6521Rd6b7MBLcl5v1idQ7v7ky4x8mPNo=
github.com/axiaoxin-com/dfc v0.0.0-20200428075748-577c62e97dc6 h1:kvEuGlJGhVI8cNbctAQg///y7bBvsdYONPGd5XU40is=
github.com/axiaoxin-com/dfc v0.0.0-20200428075748-577c62e97dc6/go.mod h1:QR5DR/acDE0YgK4zX2s6W/17v4Xp0I1VdaNHr0YWU90=
github.com/axiaoxin-com/dfc v0.0.0-20200806113521-335a5f11523f h1:zSbUiegVXYY+KEDXzRoUDo7RVKX5gQgvraHy5tP4i/Y=
github.com/axiaoxin-com/dfc v0.0.0-20200806113521-335a5f11523f/go.mod h1:SGEIvtuJRxCNqheOM7oDAm8f8T07IRoQvT3RrxO3XV8=
